// !$*UTF8*$!
{
	archiveVersion = 1;
	classes = {
	};
	objectVersion = 55;
	objects = {

/* Begin PBXBuildFile section */
		466A511828C5BD520058165C /* snu_restaurantApp.swift in Sources */ = {isa = PBXBuildFile; fileRef = 466A511728C5BD520058165C /* snu_restaurantApp.swift */; };
		466A511A28C5BD520058165C /* ContentView.swift in Sources */ = {isa = PBXBuildFile; fileRef = 466A511928C5BD520058165C /* ContentView.swift */; };
		466A511C28C5BD540058165C /* Assets.xcassets in Resources */ = {isa = PBXBuildFile; fileRef = 466A511B28C5BD540058165C /* Assets.xcassets */; };
		466A511F28C5BD540058165C /* Preview Assets.xcassets in Resources */ = {isa = PBXBuildFile; fileRef = 466A511E28C5BD540058165C /* Preview Assets.xcassets */; };
		466A512128C5BD540058165C /* Persistence.swift in Sources */ = {isa = PBXBuildFile; fileRef = 466A512028C5BD540058165C /* Persistence.swift */; };
		466A512428C5BD540058165C /* snu_restaurant.xcdatamodeld in Sources */ = {isa = PBXBuildFile; fileRef = 466A512228C5BD540058165C /* snu_restaurant.xcdatamodeld */; };
		466A512B28C5BE0D0058165C /* RestaurantRepository.swift in Sources */ = {isa = PBXBuildFile; fileRef = 466A512A28C5BE0D0058165C /* RestaurantRepository.swift */; };
		466A512D28C5BE680058165C /* NetworkRestaurantDataSource.swift in Sources */ = {isa = PBXBuildFile; fileRef = 466A512C28C5BE680058165C /* NetworkRestaurantDataSource.swift */; };
		466A513028C5C0E00058165C /* Alamofire in Frameworks */ = {isa = PBXBuildFile; productRef = 466A512F28C5C0E00058165C /* Alamofire */; };
		466A513228C5C91D0058165C /* RestaurantDataSource.swift in Sources */ = {isa = PBXBuildFile; fileRef = 466A513128C5C91D0058165C /* RestaurantDataSource.swift */; };
		466A513428C5CC540058165C /* MainViewModel.swift in Sources */ = {isa = PBXBuildFile; fileRef = 466A513328C5CC540058165C /* MainViewModel.swift */; };
		466A513628C5D1BA0058165C /* LocalRestaurantDataSource.swift in Sources */ = {isa = PBXBuildFile; fileRef = 466A513528C5D1BA0058165C /* LocalRestaurantDataSource.swift */; };
		466A513928C5D4630058165C /* AlamofireNetworkActivityLogger in Frameworks */ = {isa = PBXBuildFile; productRef = 466A513828C5D4630058165C /* AlamofireNetworkActivityLogger */; };
/* End PBXBuildFile section */

/* Begin PBXFileReference section */
		466A511428C5BD520058165C /* snu restaurant.app */ = {isa = PBXFileReference; explicitFileType = wrapper.application; includeInIndex = 0; path = "snu restaurant.app"; sourceTree = BUILT_PRODUCTS_DIR; };
		466A511728C5BD520058165C /* snu_restaurantApp.swift */ = {isa = PBXFileReference; lastKnownFileType = sourcecode.swift; path = snu_restaurantApp.swift; sourceTree = "<group>"; };
		466A511928C5BD520058165C /* ContentView.swift */ = {isa = PBXFileReference; lastKnownFileType = sourcecode.swift; path = ContentView.swift; sourceTree = "<group>"; };
		466A511B28C5BD540058165C /* Assets.xcassets */ = {isa = PBXFileReference; lastKnownFileType = folder.assetcatalog; path = Assets.xcassets; sourceTree = "<group>"; };
		466A511E28C5BD540058165C /* Preview Assets.xcassets */ = {isa = PBXFileReference; lastKnownFileType = folder.assetcatalog; path = "Preview Assets.xcassets"; sourceTree = "<group>"; };
		466A512028C5BD540058165C /* Persistence.swift */ = {isa = PBXFileReference; lastKnownFileType = sourcecode.swift; path = Persistence.swift; sourceTree = "<group>"; };
		466A512328C5BD540058165C /* snu_restaurant.xcdatamodel */ = {isa = PBXFileReference; lastKnownFileType = wrapper.xcdatamodel; path = snu_restaurant.xcdatamodel; sourceTree = "<group>"; };
		466A512A28C5BE0D0058165C /* RestaurantRepository.swift */ = {isa = PBXFileReference; lastKnownFileType = sourcecode.swift; path = RestaurantRepository.swift; sourceTree = "<group>"; };
		466A512C28C5BE680058165C /* NetworkRestaurantDataSource.swift */ = {isa = PBXFileReference; lastKnownFileType = sourcecode.swift; path = NetworkRestaurantDataSource.swift; sourceTree = "<group>"; };
		466A513128C5C91D0058165C /* RestaurantDataSource.swift */ = {isa = PBXFileReference; lastKnownFileType = sourcecode.swift; path = RestaurantDataSource.swift; sourceTree = "<group>"; };
		466A513328C5CC540058165C /* MainViewModel.swift */ = {isa = PBXFileReference; lastKnownFileType = sourcecode.swift; path = MainViewModel.swift; sourceTree = "<group>"; };
		466A513528C5D1BA0058165C /* LocalRestaurantDataSource.swift */ = {isa = PBXFileReference; lastKnownFileType = sourcecode.swift; path = LocalRestaurantDataSource.swift; sourceTree = "<group>"; };
/* End PBXFileReference section */

/* Begin PBXFrameworksBuildPhase section */
		466A511128C5BD520058165C /* Frameworks */ = {
			isa = PBXFrameworksBuildPhase;
			buildActionMask = 2147483647;
			files = (
				466A513028C5C0E00058165C /* Alamofire in Frameworks */,
				466A513928C5D4630058165C /* AlamofireNetworkActivityLogger in Frameworks */,
			);
			runOnlyForDeploymentPostprocessing = 0;
		};
/* End PBXFrameworksBuildPhase section */

/* Begin PBXGroup section */
		466A510B28C5BD510058165C = {
			isa = PBXGroup;
			children = (
				466A511628C5BD520058165C /* snu restaurant */,
				466A511528C5BD520058165C /* Products */,
			);
			sourceTree = "<group>";
		};
		466A511528C5BD520058165C /* Products */ = {
			isa = PBXGroup;
			children = (
				466A511428C5BD520058165C /* snu restaurant.app */,
			);
			name = Products;
			sourceTree = "<group>";
		};
		466A511628C5BD520058165C /* snu restaurant */ = {
			isa = PBXGroup;
			children = (
				466A511728C5BD520058165C /* snu_restaurantApp.swift */,
				466A511928C5BD520058165C /* ContentView.swift */,
				466A511B28C5BD540058165C /* Assets.xcassets */,
				466A512028C5BD540058165C /* Persistence.swift */,
				466A512228C5BD540058165C /* snu_restaurant.xcdatamodeld */,
				466A511D28C5BD540058165C /* Preview Content */,
				466A512A28C5BE0D0058165C /* RestaurantRepository.swift */,
				466A512C28C5BE680058165C /* NetworkRestaurantDataSource.swift */,
				466A513128C5C91D0058165C /* RestaurantDataSource.swift */,
				466A513328C5CC540058165C /* MainViewModel.swift */,
				466A513528C5D1BA0058165C /* LocalRestaurantDataSource.swift */,
			);
			path = "snu restaurant";
			sourceTree = "<group>";
		};
		466A511D28C5BD540058165C /* Preview Content */ = {
			isa = PBXGroup;
			children = (
				466A511E28C5BD540058165C /* Preview Assets.xcassets */,
			);
			path = "Preview Content";
			sourceTree = "<group>";
		};
/* End PBXGroup section */

/* Begin PBXNativeTarget section */
		466A511328C5BD520058165C /* snu restaurant */ = {
			isa = PBXNativeTarget;
			buildConfigurationList = 466A512728C5BD540058165C /* Build configuration list for PBXNativeTarget "snu restaurant" */;
			buildPhases = (
				466A511028C5BD520058165C /* Sources */,
				466A511128C5BD520058165C /* Frameworks */,
				466A511228C5BD520058165C /* Resources */,
			);
			buildRules = (
			);
			dependencies = (
			);
			name = "snu restaurant";
			packageProductDependencies = (
				466A512F28C5C0E00058165C /* Alamofire */,
				466A513828C5D4630058165C /* AlamofireNetworkActivityLogger */,
			);
			productName = "snu restaurant";
			productReference = 466A511428C5BD520058165C /* snu restaurant.app */;
			productType = "com.apple.product-type.application";
		};
/* End PBXNativeTarget section */

/* Begin PBXProject section */
		466A510C28C5BD510058165C /* Project object */ = {
			isa = PBXProject;
			attributes = {
				BuildIndependentTargetsInParallel = 1;
				LastSwiftUpdateCheck = 1340;
				LastUpgradeCheck = 1340;
				TargetAttributes = {
					466A511328C5BD520058165C = {
						CreatedOnToolsVersion = 13.4.1;
					};
				};
			};
			buildConfigurationList = 466A510F28C5BD510058165C /* Build configuration list for PBXProject "snu restaurant" */;
			compatibilityVersion = "Xcode 13.0";
			developmentRegion = en;
			hasScannedForEncodings = 0;
			knownRegions = (
				en,
				Base,
			);
			mainGroup = 466A510B28C5BD510058165C;
			packageReferences = (
				466A512E28C5C0E00058165C /* XCRemoteSwiftPackageReference "Alamofire" */,
				466A513728C5D4630058165C /* XCRemoteSwiftPackageReference "AlamofireNetworkActivityLogger" */,
			);
			productRefGroup = 466A511528C5BD520058165C /* Products */;
			projectDirPath = "";
			projectRoot = "";
			targets = (
				466A511328C5BD520058165C /* snu restaurant */,
			);
		};
/* End PBXProject section */

/* Begin PBXResourcesBuildPhase section */
		466A511228C5BD520058165C /* Resources */ = {
			isa = PBXResourcesBuildPhase;
			buildActionMask = 2147483647;
			files = (
				466A511F28C5BD540058165C /* Preview Assets.xcassets in Resources */,
				466A511C28C5BD540058165C /* Assets.xcassets in Resources */,
			);
			runOnlyForDeploymentPostprocessing = 0;
		};
/* End PBXResourcesBuildPhase section */

/* Begin PBXSourcesBuildPhase section */
		466A511028C5BD520058165C /* Sources */ = {
			isa = PBXSourcesBuildPhase;
			buildActionMask = 2147483647;
			files = (
				466A512D28C5BE680058165C /* NetworkRestaurantDataSource.swift in Sources */,
				466A513228C5C91D0058165C /* RestaurantDataSource.swift in Sources */,
				466A512128C5BD540058165C /* Persistence.swift in Sources */,
				466A512428C5BD540058165C /* snu_restaurant.xcdatamodeld in Sources */,
				466A512B28C5BE0D0058165C /* RestaurantRepository.swift in Sources */,
				466A513628C5D1BA0058165C /* LocalRestaurantDataSource.swift in Sources */,
				466A511A28C5BD520058165C /* ContentView.swift in Sources */,
				466A511828C5BD520058165C /* snu_restaurantApp.swift in Sources */,
				466A513428C5CC540058165C /* MainViewModel.swift in Sources */,
			);
			runOnlyForDeploymentPostprocessing = 0;
		};
/* End PBXSourcesBuildPhase section */

/* Begin XCBuildConfiguration section */
		466A512528C5BD540058165C /* Debug */ = {
			isa = XCBuildConfiguration;
			buildSettings = {
				ALWAYS_SEARCH_USER_PATHS = NO;
				CLANG_ANALYZER_NONNULL = YES;
				CLANG_ANALYZER_NUMBER_OBJECT_CONVERSION = YES_AGGRESSIVE;
				CLANG_CXX_LANGUAGE_STANDARD = "gnu++17";
				CLANG_ENABLE_MODULES = YES;
				CLANG_ENABLE_OBJC_ARC = YES;
				CLANG_ENABLE_OBJC_WEAK = YES;
				CLANG_WARN_BLOCK_CAPTURE_AUTORELEASING = YES;
				CLANG_WARN_BOOL_CONVERSION = YES;
				CLANG_WARN_COMMA = YES;
				CLANG_WARN_CONSTANT_CONVERSION = YES;
				CLANG_WARN_DEPRECATED_OBJC_IMPLEMENTATIONS = YES;
				CLANG_WARN_DIRECT_OBJC_ISA_USAGE = YES_ERROR;
				CLANG_WARN_DOCUMENTATION_COMMENTS = YES;
				CLANG_WARN_EMPTY_BODY = YES;
				CLANG_WARN_ENUM_CONVERSION = YES;
				CLANG_WARN_INFINITE_RECURSION = YES;
				CLANG_WARN_INT_CONVERSION = YES;
				CLANG_WARN_NON_LITERAL_NULL_CONVERSION = YES;
				CLANG_WARN_OBJC_IMPLICIT_RETAIN_SELF = YES;
				CLANG_WARN_OBJC_LITERAL_CONVERSION = YES;
				CLANG_WARN_OBJC_ROOT_CLASS = YES_ERROR;
				CLANG_WARN_QUOTED_INCLUDE_IN_FRAMEWORK_HEADER = YES;
				CLANG_WARN_RANGE_LOOP_ANALYSIS = YES;
				CLANG_WARN_STRICT_PROTOTYPES = YES;
				CLANG_WARN_SUSPICIOUS_MOVE = YES;
				CLANG_WARN_UNGUARDED_AVAILABILITY = YES_AGGRESSIVE;
				CLANG_WARN_UNREACHABLE_CODE = YES;
				CLANG_WARN__DUPLICATE_METHOD_MATCH = YES;
				COPY_PHASE_STRIP = NO;
				DEBUG_INFORMATION_FORMAT = dwarf;
				ENABLE_STRICT_OBJC_MSGSEND = YES;
				ENABLE_TESTABILITY = YES;
				GCC_C_LANGUAGE_STANDARD = gnu11;
				GCC_DYNAMIC_NO_PIC = NO;
				GCC_NO_COMMON_BLOCKS = YES;
				GCC_OPTIMIZATION_LEVEL = 0;
				GCC_PREPROCESSOR_DEFINITIONS = (
					"DEBUG=1",
					"$(inherited)",
				);
				GCC_WARN_64_TO_32_BIT_CONVERSION = YES;
				GCC_WARN_ABOUT_RETURN_TYPE = YES_ERROR;
				GCC_WARN_UNDECLARED_SELECTOR = YES;
				GCC_WARN_UNINITIALIZED_AUTOS = YES_AGGRESSIVE;
				GCC_WARN_UNUSED_FUNCTION = YES;
				GCC_WARN_UNUSED_VARIABLE = YES;
				IPHONEOS_DEPLOYMENT_TARGET = 15.5;
				MTL_ENABLE_DEBUG_INFO = INCLUDE_SOURCE;
				MTL_FAST_MATH = YES;
				ONLY_ACTIVE_ARCH = YES;
				SDKROOT = iphoneos;
				SWIFT_ACTIVE_COMPILATION_CONDITIONS = DEBUG;
				SWIFT_OPTIMIZATION_LEVEL = "-Onone";
			};
			name = Debug;
		};
		466A512628C5BD540058165C /* Release */ = {
			isa = XCBuildConfiguration;
			buildSettings = {
				ALWAYS_SEARCH_USER_PATHS = NO;
				CLANG_ANALYZER_NONNULL = YES;
				CLANG_ANALYZER_NUMBER_OBJECT_CONVERSION = YES_AGGRESSIVE;
				CLANG_CXX_LANGUAGE_STANDARD = "gnu++17";
				CLANG_ENABLE_MODULES = YES;
				CLANG_ENABLE_OBJC_ARC = YES;
				CLANG_ENABLE_OBJC_WEAK = YES;
				CLANG_WARN_BLOCK_CAPTURE_AUTORELEASING = YES;
				CLANG_WARN_BOOL_CONVERSION = YES;
				CLANG_WARN_COMMA = YES;
				CLANG_WARN_CONSTANT_CONVERSION = YES;
				CLANG_WARN_DEPRECATED_OBJC_IMPLEMENTATIONS = YES;
				CLANG_WARN_DIRECT_OBJC_ISA_USAGE = YES_ERROR;
				CLANG_WARN_DOCUMENTATION_COMMENTS = YES;
				CLANG_WARN_EMPTY_BODY = YES;
				CLANG_WARN_ENUM_CONVERSION = YES;
				CLANG_WARN_INFINITE_RECURSION = YES;
				CLANG_WARN_INT_CONVERSION = YES;
				CLANG_WARN_NON_LITERAL_NULL_CONVERSION = YES;
				CLANG_WARN_OBJC_IMPLICIT_RETAIN_SELF = YES;
				CLANG_WARN_OBJC_LITERAL_CONVERSION = YES;
				CLANG_WARN_OBJC_ROOT_CLASS = YES_ERROR;
				CLANG_WARN_QUOTED_INCLUDE_IN_FRAMEWORK_HEADER = YES;
				CLANG_WARN_RANGE_LOOP_ANALYSIS = YES;
				CLANG_WARN_STRICT_PROTOTYPES = YES;
				CLANG_WARN_SUSPICIOUS_MOVE = YES;
				CLANG_WARN_UNGUARDED_AVAILABILITY = YES_AGGRESSIVE;
				CLANG_WARN_UNREACHABLE_CODE = YES;
				CLANG_WARN__DUPLICATE_METHOD_MATCH = YES;
				COPY_PHASE_STRIP = NO;
				DEBUG_INFORMATION_FORMAT = "dwarf-with-dsym";
				ENABLE_NS_ASSERTIONS = NO;
				ENABLE_STRICT_OBJC_MSGSEND = YES;
				GCC_C_LANGUAGE_STANDARD = gnu11;
				GCC_NO_COMMON_BLOCKS = YES;
				GCC_WARN_64_TO_32_BIT_CONVERSION = YES;
				GCC_WARN_ABOUT_RETURN_TYPE = YES_ERROR;
				GCC_WARN_UNDECLARED_SELECTOR = YES;
				GCC_WARN_UNINITIALIZED_AUTOS = YES_AGGRESSIVE;
				GCC_WARN_UNUSED_FUNCTION = YES;
				GCC_WARN_UNUSED_VARIABLE = YES;
				IPHONEOS_DEPLOYMENT_TARGET = 15.5;
				MTL_ENABLE_DEBUG_INFO = NO;
				MTL_FAST_MATH = YES;
				SDKROOT = iphoneos;
				SWIFT_COMPILATION_MODE = wholemodule;
				SWIFT_OPTIMIZATION_LEVEL = "-O";
				VALIDATE_PRODUCT = YES;
			};
			name = Release;
		};
		466A512828C5BD540058165C /* Debug */ = {
			isa = XCBuildConfiguration;
			buildSettings = {
				ASSETCATALOG_COMPILER_APPICON_NAME = AppIcon;
				ASSETCATALOG_COMPILER_GLOBAL_ACCENT_COLOR_NAME = AccentColor;
				CODE_SIGN_STYLE = Automatic;
				CURRENT_PROJECT_VERSION = 1;
				DEVELOPMENT_ASSET_PATHS = "\"snu restaurant/Preview Content\"";
				DEVELOPMENT_TEAM = 3N93KR434F;
				ENABLE_PREVIEWS = YES;
				GENERATE_INFOPLIST_FILE = YES;
				INFOPLIST_KEY_UIApplicationSceneManifest_Generation = YES;
				INFOPLIST_KEY_UIApplicationSupportsIndirectInputEvents = YES;
				INFOPLIST_KEY_UILaunchScreen_Generation = YES;
				INFOPLIST_KEY_UISupportedInterfaceOrientations_iPad = "UIInterfaceOrientationPortrait UIInterfaceOrientationPortraitUpsideDown UIInterfaceOrientationLandscapeLeft UIInterfaceOrientationLandscapeRight";
				INFOPLIST_KEY_UISupportedInterfaceOrientations_iPhone = "UIInterfaceOrientationPortrait UIInterfaceOrientationLandscapeLeft UIInterfaceOrientationLandscapeRight";
				LD_RUNPATH_SEARCH_PATHS = (
					"$(inherited)",
					"@executable_path/Frameworks",
				);
				MARKETING_VERSION = 1.0;
				PRODUCT_BUNDLE_IDENTIFIER = "com.kyhsgeekcode.snu-restaurant";
				PRODUCT_NAME = "$(TARGET_NAME)";
				SWIFT_EMIT_LOC_STRINGS = YES;
				SWIFT_VERSION = 5.0;
				TARGETED_DEVICE_FAMILY = "1,2";
			};
			name = Debug;
		};
		466A512928C5BD540058165C /* Release */ = {
			isa = XCBuildConfiguration;
			buildSettings = {
				ASSETCATALOG_COMPILER_APPICON_NAME = AppIcon;
				ASSETCATALOG_COMPILER_GLOBAL_ACCENT_COLOR_NAME = AccentColor;
				CODE_SIGN_STYLE = Automatic;
				CURRENT_PROJECT_VERSION = 1;
				DEVELOPMENT_ASSET_PATHS = "\"snu restaurant/Preview Content\"";
				DEVELOPMENT_TEAM = 3N93KR434F;
				ENABLE_PREVIEWS = YES;
				GENERATE_INFOPLIST_FILE = YES;
				INFOPLIST_KEY_UIApplicationSceneManifest_Generation = YES;
				INFOPLIST_KEY_UIApplicationSupportsIndirectInputEvents = YES;
				INFOPLIST_KEY_UILaunchScreen_Generation = YES;
				INFOPLIST_KEY_UISupportedInterfaceOrientations_iPad = "UIInterfaceOrientationPortrait UIInterfaceOrientationPortraitUpsideDown UIInterfaceOrientationLandscapeLeft UIInterfaceOrientationLandscapeRight";
				INFOPLIST_KEY_UISupportedInterfaceOrientations_iPhone = "UIInterfaceOrientationPortrait UIInterfaceOrientationLandscapeLeft UIInterfaceOrientationLandscapeRight";
				LD_RUNPATH_SEARCH_PATHS = (
					"$(inherited)",
					"@executable_path/Frameworks",
				);
				MARKETING_VERSION = 1.0;
				PRODUCT_BUNDLE_IDENTIFIER = "com.kyhsgeekcode.snu-restaurant";
				PRODUCT_NAME = "$(TARGET_NAME)";
				SWIFT_EMIT_LOC_STRINGS = YES;
				SWIFT_VERSION = 5.0;
				TARGETED_DEVICE_FAMILY = "1,2";
			};
			name = Release;
		};
/* End XCBuildConfiguration section */

/* Begin XCConfigurationList section */
		466A510F28C5BD510058165C /* Build configuration list for PBXProject "snu restaurant" */ = {
			isa = XCConfigurationList;
			buildConfigurations = (
				466A512528C5BD540058165C /* Debug */,
				466A512628C5BD540058165C /* Release */,
			);
			defaultConfigurationIsVisible = 0;
			defaultConfigurationName = Release;
		};
		466A512728C5BD540058165C /* Build configuration list for PBXNativeTarget "snu restaurant" */ = {
			isa = XCConfigurationList;
			buildConfigurations = (
				466A512828C5BD540058165C /* Debug */,
				466A512928C5BD540058165C /* Release */,
			);
			defaultConfigurationIsVisible = 0;
			defaultConfigurationName = Release;
		};
/* End XCConfigurationList section */

/* Begin XCRemoteSwiftPackageReference section */
		466A512E28C5C0E00058165C /* XCRemoteSwiftPackageReference "Alamofire" */ = {
			isa = XCRemoteSwiftPackageReference;
			repositoryURL = "https://github.com/Alamofire/Alamofire";
			requirement = {
				kind = upToNextMajorVersion;
				minimumVersion = 5.0.0;
			};
		};
		466A513728C5D4630058165C /* XCRemoteSwiftPackageReference "AlamofireNetworkActivityLogger" */ = {
			isa = XCRemoteSwiftPackageReference;
			repositoryURL = "https://github.com/konkab/AlamofireNetworkActivityLogger";
			requirement = {
				kind = upToNextMajorVersion;
				minimumVersion = 3.0.0;
			};
		};
/* End XCRemoteSwiftPackageReference section */

/* Begin XCSwiftPackageProductDependency section */
		466A512F28C5C0E00058165C /* Alamofire */ = {
			isa = XCSwiftPackageProductDependency;
			package = 466A512E28C5C0E00058165C /* XCRemoteSwiftPackageReference "Alamofire" */;
			productName = Alamofire;
		};
		466A513828C5D4630058165C /* AlamofireNetworkActivityLogger */ = {
			isa = XCSwiftPackageProductDependency;
			package = 466A513728C5D4630058165C /* XCRemoteSwiftPackageReference "AlamofireNetworkActivityLogger" */;
			productName = AlamofireNetworkActivityLogger;
		};
/* End XCSwiftPackageProductDependency section */

/* Begin XCVersionGroup section */
		466A512228C5BD540058165C /* snu_restaurant.xcdatamodeld */ = {
			isa = XCVersionGroup;
			children = (
				466A512328C5BD540058165C /* snu_restaurant.xcdatamodel */,
			);
			currentVersion = 466A512328C5BD540058165C /* snu_restaurant.xcdatamodel */;
			path = snu_restaurant.xcdatamodeld;
			sourceTree = "<group>";
			versionGroupType = wrapper.xcdatamodel;
		};
/* End XCVersionGroup section */
	};
	rootObject = 466A510C28C5BD510058165C /* Project object */;
}
